
Microsoft Visual Studio Solution File, Format Version 12.00
# Visual Studio Version 17
VisualStudioVersion = 17.11.35312.102
MinimumVisualStudioVersion = 10.0.40219.1
Project("{8BC9CEB8-8B4A-11D0-8D11-00A0C91BC942}") = "P06", "P06\P06.vcxproj", "{732710B4-7DE1-47A5-A5EA-1A525459BF39}"
EndProject
Global
	GlobalSection(SolutionConfigurationPlatforms) = preSolution
		Debug|x64 = Debug|x64
		Debug|x86 = Debug|x86
		Release|x64 = Release|x64
		Release|x86 = Release|x86
	EndGlobalSection
	GlobalSection(ProjectConfigurationPlatforms) = postSolution
		{732710B4-7DE1-47A5-A5EA-1A525459BF39}.Debug|x64.ActiveCfg = Debug|x64
		{732710B4-7DE1-47A5-A5EA-1A525459BF39}.Debug|x64.Build.0 = Debug|x64
		{732710B4-7DE1-47A5-A5EA-1A525459BF39}.Debug|x86.ActiveCfg = Debug|Win32
		{732710B4-7DE1-47A5-A5EA-1A525459BF39}.Debug|x86.Build.0 = Debug|Win32
		{732710B4-7DE1-47A5-A5EA-1A525459BF39}.Release|x64.ActiveCfg = Release|x64
		{732710B4-7DE1-47A5-A5EA-1A525459BF39}.Release|x64.Build.0 = Release|x64
		{732710B4-7DE1-47A5-A5EA-1A525459BF39}.Release|x86.ActiveCfg = Release|Win32
		{732710B4-7DE1-47A5-A5EA-1A525459BF39}.Release|x86.Build.0 = Release|Win32
	EndGlobalSection
	GlobalSection(SolutionProperties) = preSolution
		HideSolutionNode = FALSE
	EndGlobalSection
	GlobalSection(ExtensibilityGlobals) = postSolution
		SolutionGuid = {8DECF21B-31CA-4311-A0EE-0DC1BC78F3D1}
	EndGlobalSection
EndGlobal
